
Microsoft Visual Studio Solution File, Format Version 12.00
# Visual Studio 2013
VisualStudioVersion = 12.0.31101.0
MinimumVisualStudioVersion = 10.0.40219.1
Project("{FAE04EC0-301F-11D3-BF4B-00C04F79EFBC}") = "WingTipToys", "WebApplication3\WingTipToys.csproj", "{65AE9E6F-BB78-4BAD-9BEE-A77E98D12D37}"
EndProject
Project("{FAE04EC0-301F-11D3-BF4B-00C04F79EFBC}") = "ProductsTest", "ProductsTest\ProductsTest.csproj", "{239DA4FD-FCED-4F48-84C8-E9A865391437}"
EndProject
Global
	GlobalSection(SolutionConfigurationPlatforms) = preSolution
		Debug|Any CPU = Debug|Any CPU
		Release|Any CPU = Release|Any CPU
	EndGlobalSection
	GlobalSection(ProjectConfigurationPlatforms) = postSolution
		{65AE9E6F-BB78-4BAD-9BEE-A77E98D12D37}.Debug|Any CPU.ActiveCfg = Debug|Any CPU
		{65AE9E6F-BB78-4BAD-9BEE-A77E98D12D37}.Debug|Any CPU.Build.0 = Debug|Any CPU
		{65AE9E6F-BB78-4BAD-9BEE-A77E98D12D37}.Release|Any CPU.ActiveCfg = Release|Any CPU
		{65AE9E6F-BB78-4BAD-9BEE-A77E98D12D37}.Release|Any CPU.Build.0 = Release|Any CPU
		{239DA4FD-FCED-4F48-84C8-E9A865391437}.Debug|Any CPU.ActiveCfg = Debug|Any CPU
		{239DA4FD-FCED-4F48-84C8-E9A865391437}.Debug|Any CPU.Build.0 = Debug|Any CPU
		{239DA4FD-FCED-4F48-84C8-E9A865391437}.Release|Any CPU.ActiveCfg = Release|Any CPU
		{239DA4FD-FCED-4F48-84C8-E9A865391437}.Release|Any CPU.Build.0 = Release|Any CPU
	EndGlobalSection
	GlobalSection(SolutionProperties) = preSolution
		HideSolutionNode = FALSE
	EndGlobalSection
EndGlobal
